
Microsoft Visual Studio Solution File, Format Version 12.00
# Visual Studio Version 17
VisualStudioVersion = 17.4.33213.308
MinimumVisualStudioVersion = 10.0.40219.1
Project("{FAE04EC0-301F-11D3-BF4B-00C04F79EFBC}") = "Booter", "Booter\Booter.csproj", "{ED48E7FA-FEBB-45A1-B7E5-B5D477E02792}"
EndProject
Global
	GlobalSection(SolutionConfigurationPlatforms) = preSolution
		Debug|Any CPU = Debug|Any CPU
		Release|Any CPU = Release|Any CPU
	EndGlobalSection
	GlobalSection(ProjectConfigurationPlatforms) = postSolution
		{ED48E7FA-FEBB-45A1-B7E5-B5D477E02792}.Debug|Any CPU.ActiveCfg = Debug|Any CPU
		{ED48E7FA-FEBB-45A1-B7E5-B5D477E02792}.Debug|Any CPU.Build.0 = Debug|Any CPU
		{ED48E7FA-FEBB-45A1-B7E5-B5D477E02792}.Release|Any CPU.ActiveCfg = Release|Any CPU
		{ED48E7FA-FEBB-45A1-B7E5-B5D477E02792}.Release|Any CPU.Build.0 = Release|Any CPU
	EndGlobalSection
	GlobalSection(SolutionProperties) = preSolution
		HideSolutionNode = FALSE
	EndGlobalSection
	GlobalSection(ExtensibilityGlobals) = postSolution
		SolutionGuid = {5955A73D-29A1-4751-AD45-046BC3DEF196}
	EndGlobalSection
EndGlobal
